// !$*UTF8*$!
{
	archiveVersion = 1;
	classes = {
	};
	objectVersion = 50;
	objects = {

/* Begin PBXBuildFile section */
		524040922577F5EE00511C90 /* InputManager.swift in Sources */ = {isa = PBXBuildFile; fileRef = 524040912577F5EE00511C90 /* InputManager.swift */; };
		524040AE2577FA2400511C90 /* main.swift in Sources */ = {isa = PBXBuildFile; fileRef = 524040AD2577FA2400511C90 /* main.swift */; };
		524040BA2577FB4C00511C90 /* main.swift in Sources */ = {isa = PBXBuildFile; fileRef = 524040B92577FB4C00511C90 /* main.swift */; };
		524040C12577FB8B00511C90 /* InputManager.swift in Sources */ = {isa = PBXBuildFile; fileRef = 524040C02577FB8B00511C90 /* InputManager.swift */; };
		5259F453258171F300427FAA /* main.swift in Sources */ = {isa = PBXBuildFile; fileRef = 5259F452258171F300427FAA /* main.swift */; };
		5259F4732581721200427FAA /* InputManager.swift in Sources */ = {isa = PBXBuildFile; fileRef = 5259F4722581721200427FAA /* InputManager.swift */; };
		527246132578DA3A007830EB /* main.swift in Sources */ = {isa = PBXBuildFile; fileRef = 527246122578DA3A007830EB /* main.swift */; };
		5272461B2578DA58007830EB /* InputManager.swift in Sources */ = {isa = PBXBuildFile; fileRef = 5272461A2578DA58007830EB /* InputManager.swift */; };
		5276ADD3257A31A600177755 /* main.swift in Sources */ = {isa = PBXBuildFile; fileRef = 5276ADD2257A31A600177755 /* main.swift */; };
		5276ADDC257A31BA00177755 /* InputManager.swift in Sources */ = {isa = PBXBuildFile; fileRef = 5276ADDB257A31BA00177755 /* InputManager.swift */; };
		52819942257F6E5D00CA8F1F /* main.swift in Sources */ = {isa = PBXBuildFile; fileRef = 52819941257F6E5D00CA8F1F /* main.swift */; };
		5281994F257F6E7500CA8F1F /* InputManager.swift in Sources */ = {isa = PBXBuildFile; fileRef = 5281994E257F6E7500CA8F1F /* InputManager.swift */; };
		52E6C986257D09BF005167CA /* main.swift in Sources */ = {isa = PBXBuildFile; fileRef = 52E6C985257D09BF005167CA /* main.swift */; };
		52E6C99D257D0A06005167CA /* InputManager.swift in Sources */ = {isa = PBXBuildFile; fileRef = 52E6C99C257D0A06005167CA /* InputManager.swift */; };
		52EEBA64257BC02100BD4536 /* main.swift in Sources */ = {isa = PBXBuildFile; fileRef = 52EEBA63257BC02100BD4536 /* main.swift */; };
		52EEBA6E257BCFE900BD4536 /* InputManager.swift in Sources */ = {isa = PBXBuildFile; fileRef = 52EEBA6D257BCFE900BD4536 /* InputManager.swift */; };
		52F3275E257E637500CA5DD7 /* main.swift in Sources */ = {isa = PBXBuildFile; fileRef = 52F3275D257E637500CA5DD7 /* main.swift */; };
		52F32771257E64A300CA5DD7 /* InputManager.swift in Sources */ = {isa = PBXBuildFile; fileRef = 52F32770257E64A300CA5DD7 /* InputManager.swift */; };
/* End PBXBuildFile section */

/* Begin PBXCopyFilesBuildPhase section */
		524040B52577FB4C00511C90 /* CopyFiles */ = {
			isa = PBXCopyFilesBuildPhase;
			buildActionMask = 2147483647;
			dstPath = /usr/share/man/man1/;
			dstSubfolderSpec = 0;
			files = (
			);
			runOnlyForDeploymentPostprocessing = 1;
		};
		5253FC7B2577EEBC0019CE5F /* CopyFiles */ = {
			isa = PBXCopyFilesBuildPhase;
			buildActionMask = 2147483647;
			dstPath = /usr/share/man/man1/;
			dstSubfolderSpec = 0;
			files = (
			);
			runOnlyForDeploymentPostprocessing = 1;
		};
		5259F44E258171F300427FAA /* CopyFiles */ = {
			isa = PBXCopyFilesBuildPhase;
			buildActionMask = 2147483647;
			dstPath = /usr/share/man/man1/;
			dstSubfolderSpec = 0;
			files = (
			);
			runOnlyForDeploymentPostprocessing = 1;
		};
		5272460E2578DA3A007830EB /* CopyFiles */ = {
			isa = PBXCopyFilesBuildPhase;
			buildActionMask = 2147483647;
			dstPath = /usr/share/man/man1/;
			dstSubfolderSpec = 0;
			files = (
			);
			runOnlyForDeploymentPostprocessing = 1;
		};
		5276ADCE257A31A600177755 /* CopyFiles */ = {
			isa = PBXCopyFilesBuildPhase;
			buildActionMask = 2147483647;
			dstPath = /usr/share/man/man1/;
			dstSubfolderSpec = 0;
			files = (
			);
			runOnlyForDeploymentPostprocessing = 1;
		};
		5281993D257F6E5D00CA8F1F /* CopyFiles */ = {
			isa = PBXCopyFilesBuildPhase;
			buildActionMask = 2147483647;
			dstPath = /usr/share/man/man1/;
			dstSubfolderSpec = 0;
			files = (
			);
			runOnlyForDeploymentPostprocessing = 1;
		};
		52E6C981257D09BF005167CA /* CopyFiles */ = {
			isa = PBXCopyFilesBuildPhase;
			buildActionMask = 2147483647;
			dstPath = /usr/share/man/man1/;
			dstSubfolderSpec = 0;
			files = (
			);
			runOnlyForDeploymentPostprocessing = 1;
		};
		52EEBA5F257BC02000BD4536 /* CopyFiles */ = {
			isa = PBXCopyFilesBuildPhase;
			buildActionMask = 2147483647;
			dstPath = /usr/share/man/man1/;
			dstSubfolderSpec = 0;
			files = (
			);
			runOnlyForDeploymentPostprocessing = 1;
		};
		52F32759257E637500CA5DD7 /* CopyFiles */ = {
			isa = PBXCopyFilesBuildPhase;
			buildActionMask = 2147483647;
			dstPath = /usr/share/man/man1/;
			dstSubfolderSpec = 0;
			files = (
			);
			runOnlyForDeploymentPostprocessing = 1;
		};
/* End PBXCopyFilesBuildPhase section */

/* Begin PBXFileReference section */
		524040912577F5EE00511C90 /* InputManager.swift */ = {isa = PBXFileReference; lastKnownFileType = sourcecode.swift; path = InputManager.swift; sourceTree = "<group>"; };
		524040AD2577FA2400511C90 /* main.swift */ = {isa = PBXFileReference; lastKnownFileType = sourcecode.swift; path = main.swift; sourceTree = "<group>"; };
		524040B72577FB4C00511C90 /* Day 2 */ = {isa = PBXFileReference; explicitFileType = "compiled.mach-o.executable"; includeInIndex = 0; path = "Day 2"; sourceTree = BUILT_PRODUCTS_DIR; };
		524040B92577FB4C00511C90 /* main.swift */ = {isa = PBXFileReference; lastKnownFileType = sourcecode.swift; path = main.swift; sourceTree = "<group>"; };
		524040C02577FB8B00511C90 /* InputManager.swift */ = {isa = PBXFileReference; lastKnownFileType = sourcecode.swift; path = InputManager.swift; sourceTree = "<group>"; };
		5253FC7D2577EEBC0019CE5F /* Day 1 */ = {isa = PBXFileReference; explicitFileType = "compiled.mach-o.executable"; includeInIndex = 0; path = "Day 1"; sourceTree = BUILT_PRODUCTS_DIR; };
		5259F450258171F300427FAA /* Day 9 */ = {isa = PBXFileReference; explicitFileType = "compiled.mach-o.executable"; includeInIndex = 0; path = "Day 9"; sourceTree = BUILT_PRODUCTS_DIR; };
		5259F452258171F300427FAA /* main.swift */ = {isa = PBXFileReference; lastKnownFileType = sourcecode.swift; path = main.swift; sourceTree = "<group>"; };
		5259F4722581721200427FAA /* InputManager.swift */ = {isa = PBXFileReference; lastKnownFileType = sourcecode.swift; path = InputManager.swift; sourceTree = "<group>"; };
		527246102578DA3A007830EB /* Day 3 */ = {isa = PBXFileReference; explicitFileType = "compiled.mach-o.executable"; includeInIndex = 0; path = "Day 3"; sourceTree = BUILT_PRODUCTS_DIR; };
		527246122578DA3A007830EB /* main.swift */ = {isa = PBXFileReference; lastKnownFileType = sourcecode.swift; path = main.swift; sourceTree = "<group>"; };
		5272461A2578DA58007830EB /* InputManager.swift */ = {isa = PBXFileReference; lastKnownFileType = sourcecode.swift; path = InputManager.swift; sourceTree = "<group>"; };
		5276ADD0257A31A600177755 /* Day 4 */ = {isa = PBXFileReference; explicitFileType = "compiled.mach-o.executable"; includeInIndex = 0; path = "Day 4"; sourceTree = BUILT_PRODUCTS_DIR; };
		5276ADD2257A31A600177755 /* main.swift */ = {isa = PBXFileReference; lastKnownFileType = sourcecode.swift; path = main.swift; sourceTree = "<group>"; };
		5276ADDB257A31BA00177755 /* InputManager.swift */ = {isa = PBXFileReference; lastKnownFileType = sourcecode.swift; path = InputManager.swift; sourceTree = "<group>"; };
		5281993F257F6E5D00CA8F1F /* Day 8 */ = {isa = PBXFileReference; explicitFileType = "compiled.mach-o.executable"; includeInIndex = 0; path = "Day 8"; sourceTree = BUILT_PRODUCTS_DIR; };
		52819941257F6E5D00CA8F1F /* main.swift */ = {isa = PBXFileReference; lastKnownFileType = sourcecode.swift; path = main.swift; sourceTree = "<group>"; };
		5281994E257F6E7500CA8F1F /* InputManager.swift */ = {isa = PBXFileReference; lastKnownFileType = sourcecode.swift; path = InputManager.swift; sourceTree = "<group>"; };
		52E6C983257D09BF005167CA /* Day 6 */ = {isa = PBXFileReference; explicitFileType = "compiled.mach-o.executable"; includeInIndex = 0; path = "Day 6"; sourceTree = BUILT_PRODUCTS_DIR; };
		52E6C985257D09BF005167CA /* main.swift */ = {isa = PBXFileReference; lastKnownFileType = sourcecode.swift; path = main.swift; sourceTree = "<group>"; };
		52E6C99C257D0A06005167CA /* InputManager.swift */ = {isa = PBXFileReference; lastKnownFileType = sourcecode.swift; path = InputManager.swift; sourceTree = "<group>"; };
		52EEBA61257BC02000BD4536 /* Day 5 */ = {isa = PBXFileReference; explicitFileType = "compiled.mach-o.executable"; includeInIndex = 0; path = "Day 5"; sourceTree = BUILT_PRODUCTS_DIR; };
		52EEBA63257BC02100BD4536 /* main.swift */ = {isa = PBXFileReference; lastKnownFileType = sourcecode.swift; path = main.swift; sourceTree = "<group>"; };
		52EEBA6D257BCFE900BD4536 /* InputManager.swift */ = {isa = PBXFileReference; lastKnownFileType = sourcecode.swift; path = InputManager.swift; sourceTree = "<group>"; };
		52F3275B257E637500CA5DD7 /* Day 7 */ = {isa = PBXFileReference; explicitFileType = "compiled.mach-o.executable"; includeInIndex = 0; path = "Day 7"; sourceTree = BUILT_PRODUCTS_DIR; };
		52F3275D257E637500CA5DD7 /* main.swift */ = {isa = PBXFileReference; lastKnownFileType = sourcecode.swift; path = main.swift; sourceTree = "<group>"; };
		52F32770257E64A300CA5DD7 /* InputManager.swift */ = {isa = PBXFileReference; lastKnownFileType = sourcecode.swift; path = InputManager.swift; sourceTree = "<group>"; };
/* End PBXFileReference section */

/* Begin PBXFrameworksBuildPhase section */
		524040B42577FB4C00511C90 /* Frameworks */ = {
			isa = PBXFrameworksBuildPhase;
			buildActionMask = 2147483647;
			files = (
			);
			runOnlyForDeploymentPostprocessing = 0;
		};
		5253FC7A2577EEBC0019CE5F /* Frameworks */ = {
			isa = PBXFrameworksBuildPhase;
			buildActionMask = 2147483647;
			files = (
			);
			runOnlyForDeploymentPostprocessing = 0;
		};
		5259F44D258171F300427FAA /* Frameworks */ = {
			isa = PBXFrameworksBuildPhase;
			buildActionMask = 2147483647;
			files = (
			);
			runOnlyForDeploymentPostprocessing = 0;
		};
		5272460D2578DA3A007830EB /* Frameworks */ = {
			isa = PBXFrameworksBuildPhase;
			buildActionMask = 2147483647;
			files = (
			);
			runOnlyForDeploymentPostprocessing = 0;
		};
		5276ADCD257A31A600177755 /* Frameworks */ = {
			isa = PBXFrameworksBuildPhase;
			buildActionMask = 2147483647;
			files = (
			);
			runOnlyForDeploymentPostprocessing = 0;
		};
		5281993C257F6E5D00CA8F1F /* Frameworks */ = {
			isa = PBXFrameworksBuildPhase;
			buildActionMask = 2147483647;
			files = (
			);
			runOnlyForDeploymentPostprocessing = 0;
		};
		52E6C980257D09BF005167CA /* Frameworks */ = {
			isa = PBXFrameworksBuildPhase;
			buildActionMask = 2147483647;
			files = (
			);
			runOnlyForDeploymentPostprocessing = 0;
		};
		52EEBA5E257BC02000BD4536 /* Frameworks */ = {
			isa = PBXFrameworksBuildPhase;
			buildActionMask = 2147483647;
			files = (
			);
			runOnlyForDeploymentPostprocessing = 0;
		};
		52F32758257E637500CA5DD7 /* Frameworks */ = {
			isa = PBXFrameworksBuildPhase;
			buildActionMask = 2147483647;
			files = (
			);
			runOnlyForDeploymentPostprocessing = 0;
		};
/* End PBXFrameworksBuildPhase section */

/* Begin PBXGroup section */
		524040B82577FB4C00511C90 /* Day 2 */ = {
			isa = PBXGroup;
			children = (
				524040B92577FB4C00511C90 /* main.swift */,
				524040C02577FB8B00511C90 /* InputManager.swift */,
			);
			path = "Day 2";
			sourceTree = "<group>";
		};
		5253FC742577EEBC0019CE5F = {
			isa = PBXGroup;
			children = (
				5253FC7F2577EEBC0019CE5F /* Day 1 */,
				524040B82577FB4C00511C90 /* Day 2 */,
				527246112578DA3A007830EB /* Day 3 */,
				5276ADD1257A31A600177755 /* Day 4 */,
				52EEBA62257BC02000BD4536 /* Day 5 */,
				52E6C984257D09BF005167CA /* Day 6 */,
				52F3275C257E637500CA5DD7 /* Day 7 */,
				52819940257F6E5D00CA8F1F /* Day 8 */,
				5259F451258171F300427FAA /* Day 9 */,
				5253FC7E2577EEBC0019CE5F /* Products */,
			);
			sourceTree = "<group>";
		};
		5253FC7E2577EEBC0019CE5F /* Products */ = {
			isa = PBXGroup;
			children = (
				5253FC7D2577EEBC0019CE5F /* Day 1 */,
				524040B72577FB4C00511C90 /* Day 2 */,
				527246102578DA3A007830EB /* Day 3 */,
				5276ADD0257A31A600177755 /* Day 4 */,
				52EEBA61257BC02000BD4536 /* Day 5 */,
				52E6C983257D09BF005167CA /* Day 6 */,
				52F3275B257E637500CA5DD7 /* Day 7 */,
				5281993F257F6E5D00CA8F1F /* Day 8 */,
				5259F450258171F300427FAA /* Day 9 */,
			);
			name = Products;
			sourceTree = "<group>";
		};
		5253FC7F2577EEBC0019CE5F /* Day 1 */ = {
			isa = PBXGroup;
			children = (
				524040AD2577FA2400511C90 /* main.swift */,
				524040912577F5EE00511C90 /* InputManager.swift */,
			);
			path = "Day 1";
			sourceTree = "<group>";
		};
		5259F451258171F300427FAA /* Day 9 */ = {
			isa = PBXGroup;
			children = (
				5259F452258171F300427FAA /* main.swift */,
				5259F4722581721200427FAA /* InputManager.swift */,
			);
			path = "Day 9";
			sourceTree = "<group>";
		};
		527246112578DA3A007830EB /* Day 3 */ = {
			isa = PBXGroup;
			children = (
				527246122578DA3A007830EB /* main.swift */,
				5272461A2578DA58007830EB /* InputManager.swift */,
			);
			path = "Day 3";
			sourceTree = "<group>";
		};
		5276ADD1257A31A600177755 /* Day 4 */ = {
			isa = PBXGroup;
			children = (
				5276ADD2257A31A600177755 /* main.swift */,
				5276ADDB257A31BA00177755 /* InputManager.swift */,
			);
			path = "Day 4";
			sourceTree = "<group>";
		};
		52819940257F6E5D00CA8F1F /* Day 8 */ = {
			isa = PBXGroup;
			children = (
				52819941257F6E5D00CA8F1F /* main.swift */,
				5281994E257F6E7500CA8F1F /* InputManager.swift */,
			);
			path = "Day 8";
			sourceTree = "<group>";
		};
		52E6C984257D09BF005167CA /* Day 6 */ = {
			isa = PBXGroup;
			children = (
				52E6C985257D09BF005167CA /* main.swift */,
				52E6C99C257D0A06005167CA /* InputManager.swift */,
			);
			path = "Day 6";
			sourceTree = "<group>";
		};
		52EEBA62257BC02000BD4536 /* Day 5 */ = {
			isa = PBXGroup;
			children = (
				52EEBA63257BC02100BD4536 /* main.swift */,
				52EEBA6D257BCFE900BD4536 /* InputManager.swift */,
			);
			path = "Day 5";
			sourceTree = "<group>";
		};
		52F3275C257E637500CA5DD7 /* Day 7 */ = {
			isa = PBXGroup;
			children = (
				52F3275D257E637500CA5DD7 /* main.swift */,
				52F32770257E64A300CA5DD7 /* InputManager.swift */,
			);
			path = "Day 7";
			sourceTree = "<group>";
		};
/* End PBXGroup section */

/* Begin PBXNativeTarget section */
		524040B62577FB4C00511C90 /* Day 2 */ = {
			isa = PBXNativeTarget;
			buildConfigurationList = 524040BB2577FB4C00511C90 /* Build configuration list for PBXNativeTarget "Day 2" */;
			buildPhases = (
				524040B32577FB4C00511C90 /* Sources */,
				524040B42577FB4C00511C90 /* Frameworks */,
				524040B52577FB4C00511C90 /* CopyFiles */,
			);
			buildRules = (
			);
			dependencies = (
			);
			name = "Day 2";
			productName = "Day 2";
			productReference = 524040B72577FB4C00511C90 /* Day 2 */;
			productType = "com.apple.product-type.tool";
		};
		5253FC7C2577EEBC0019CE5F /* Day 1 */ = {
			isa = PBXNativeTarget;
			buildConfigurationList = 5253FC842577EEBC0019CE5F /* Build configuration list for PBXNativeTarget "Day 1" */;
			buildPhases = (
				5253FC792577EEBC0019CE5F /* Sources */,
				5253FC7A2577EEBC0019CE5F /* Frameworks */,
				5253FC7B2577EEBC0019CE5F /* CopyFiles */,
			);
			buildRules = (
			);
			dependencies = (
			);
			name = "Day 1";
			productName = "Day 1";
			productReference = 5253FC7D2577EEBC0019CE5F /* Day 1 */;
			productType = "com.apple.product-type.tool";
		};
		5259F44F258171F300427FAA /* Day 9 */ = {
			isa = PBXNativeTarget;
			buildConfigurationList = 5259F456258171F300427FAA /* Build configuration list for PBXNativeTarget "Day 9" */;
			buildPhases = (
				5259F44C258171F300427FAA /* Sources */,
				5259F44D258171F300427FAA /* Frameworks */,
				5259F44E258171F300427FAA /* CopyFiles */,
			);
			buildRules = (
			);
			dependencies = (
			);
			name = "Day 9";
			productName = "Day 9";
			productReference = 5259F450258171F300427FAA /* Day 9 */;
			productType = "com.apple.product-type.tool";
		};
		5272460F2578DA3A007830EB /* Day 3 */ = {
			isa = PBXNativeTarget;
			buildConfigurationList = 527246162578DA3A007830EB /* Build configuration list for PBXNativeTarget "Day 3" */;
			buildPhases = (
				5272460C2578DA3A007830EB /* Sources */,
				5272460D2578DA3A007830EB /* Frameworks */,
				5272460E2578DA3A007830EB /* CopyFiles */,
			);
			buildRules = (
			);
			dependencies = (
			);
			name = "Day 3";
			productName = "Day 3";
			productReference = 527246102578DA3A007830EB /* Day 3 */;
			productType = "com.apple.product-type.tool";
		};
		5276ADCF257A31A600177755 /* Day 4 */ = {
			isa = PBXNativeTarget;
			buildConfigurationList = 5276ADD6257A31A600177755 /* Build configuration list for PBXNativeTarget "Day 4" */;
			buildPhases = (
				5276ADCC257A31A600177755 /* Sources */,
				5276ADCD257A31A600177755 /* Frameworks */,
				5276ADCE257A31A600177755 /* CopyFiles */,
			);
			buildRules = (
			);
			dependencies = (
			);
			name = "Day 4";
			productName = "Day 4";
			productReference = 5276ADD0257A31A600177755 /* Day 4 */;
			productType = "com.apple.product-type.tool";
		};
		5281993E257F6E5D00CA8F1F /* Day 8 */ = {
			isa = PBXNativeTarget;
			buildConfigurationList = 52819945257F6E5D00CA8F1F /* Build configuration list for PBXNativeTarget "Day 8" */;
			buildPhases = (
				5281993B257F6E5D00CA8F1F /* Sources */,
				5281993C257F6E5D00CA8F1F /* Frameworks */,
				5281993D257F6E5D00CA8F1F /* CopyFiles */,
			);
			buildRules = (
			);
			dependencies = (
			);
			name = "Day 8";
			productName = "Day 8";
			productReference = 5281993F257F6E5D00CA8F1F /* Day 8 */;
			productType = "com.apple.product-type.tool";
		};
		52E6C982257D09BF005167CA /* Day 6 */ = {
			isa = PBXNativeTarget;
			buildConfigurationList = 52E6C989257D09BF005167CA /* Build configuration list for PBXNativeTarget "Day 6" */;
			buildPhases = (
				52E6C97F257D09BF005167CA /* Sources */,
				52E6C980257D09BF005167CA /* Frameworks */,
				52E6C981257D09BF005167CA /* CopyFiles */,
			);
			buildRules = (
			);
			dependencies = (
			);
			name = "Day 6";
			productName = "Day 6";
			productReference = 52E6C983257D09BF005167CA /* Day 6 */;
			productType = "com.apple.product-type.tool";
		};
		52EEBA60257BC02000BD4536 /* Day 5 */ = {
			isa = PBXNativeTarget;
			buildConfigurationList = 52EEBA67257BC02100BD4536 /* Build configuration list for PBXNativeTarget "Day 5" */;
			buildPhases = (
				52EEBA5D257BC02000BD4536 /* Sources */,
				52EEBA5E257BC02000BD4536 /* Frameworks */,
				52EEBA5F257BC02000BD4536 /* CopyFiles */,
			);
			buildRules = (
			);
			dependencies = (
			);
			name = "Day 5";
			productName = "Day 5";
			productReference = 52EEBA61257BC02000BD4536 /* Day 5 */;
			productType = "com.apple.product-type.tool";
		};
		52F3275A257E637500CA5DD7 /* Day 7 */ = {
			isa = PBXNativeTarget;
			buildConfigurationList = 52F32761257E637500CA5DD7 /* Build configuration list for PBXNativeTarget "Day 7" */;
			buildPhases = (
				52F32757257E637500CA5DD7 /* Sources */,
				52F32758257E637500CA5DD7 /* Frameworks */,
				52F32759257E637500CA5DD7 /* CopyFiles */,
			);
			buildRules = (
			);
			dependencies = (
			);
			name = "Day 7";
			productName = "Day 7";
			productReference = 52F3275B257E637500CA5DD7 /* Day 7 */;
			productType = "com.apple.product-type.tool";
		};
/* End PBXNativeTarget section */

/* Begin PBXProject section */
		5253FC752577EEBC0019CE5F /* Project object */ = {
			isa = PBXProject;
			attributes = {
				LastSwiftUpdateCheck = 1220;
				LastUpgradeCheck = 1220;
				TargetAttributes = {
					524040B62577FB4C00511C90 = {
						CreatedOnToolsVersion = 12.2;
					};
					5253FC7C2577EEBC0019CE5F = {
						CreatedOnToolsVersion = 12.2;
					};
					5259F44F258171F300427FAA = {
						CreatedOnToolsVersion = 12.2;
					};
					5272460F2578DA3A007830EB = {
						CreatedOnToolsVersion = 12.2;
					};
					5276ADCF257A31A600177755 = {
						CreatedOnToolsVersion = 12.2;
					};
					5281993E257F6E5D00CA8F1F = {
						CreatedOnToolsVersion = 12.2;
					};
					52E6C982257D09BF005167CA = {
						CreatedOnToolsVersion = 12.2;
					};
					52EEBA60257BC02000BD4536 = {
						CreatedOnToolsVersion = 12.2;
					};
					52F3275A257E637500CA5DD7 = {
						CreatedOnToolsVersion = 12.2;
					};
				};
			};
			buildConfigurationList = 5253FC782577EEBC0019CE5F /* Build configuration list for PBXProject "Advent of Code" */;
			compatibilityVersion = "Xcode 9.3";
			developmentRegion = en;
			hasScannedForEncodings = 0;
			knownRegions = (
				en,
				Base,
			);
			mainGroup = 5253FC742577EEBC0019CE5F;
			productRefGroup = 5253FC7E2577EEBC0019CE5F /* Products */;
			projectDirPath = "";
			projectRoot = "";
			targets = (
				5253FC7C2577EEBC0019CE5F /* Day 1 */,
				524040B62577FB4C00511C90 /* Day 2 */,
				5272460F2578DA3A007830EB /* Day 3 */,
				5276ADCF257A31A600177755 /* Day 4 */,
				52EEBA60257BC02000BD4536 /* Day 5 */,
				52E6C982257D09BF005167CA /* Day 6 */,
				52F3275A257E637500CA5DD7 /* Day 7 */,
				5281993E257F6E5D00CA8F1F /* Day 8 */,
				5259F44F258171F300427FAA /* Day 9 */,
			);
		};
/* End PBXProject section */

/* Begin PBXSourcesBuildPhase section */
		524040B32577FB4C00511C90 /* Sources */ = {
			isa = PBXSourcesBuildPhase;
			buildActionMask = 2147483647;
			files = (
				524040C12577FB8B00511C90 /* InputManager.swift in Sources */,
				524040BA2577FB4C00511C90 /* main.swift in Sources */,
			);
			runOnlyForDeploymentPostprocessing = 0;
		};
		5253FC792577EEBC0019CE5F /* Sources */ = {
			isa = PBXSourcesBuildPhase;
			buildActionMask = 2147483647;
			files = (
				524040AE2577FA2400511C90 /* main.swift in Sources */,
				524040922577F5EE00511C90 /* InputManager.swift in Sources */,
			);
			runOnlyForDeploymentPostprocessing = 0;
		};
		5259F44C258171F300427FAA /* Sources */ = {
			isa = PBXSourcesBuildPhase;
			buildActionMask = 2147483647;
			files = (
				5259F4732581721200427FAA /* InputManager.swift in Sources */,
				5259F453258171F300427FAA /* main.swift in Sources */,
			);
			runOnlyForDeploymentPostprocessing = 0;
		};
		5272460C2578DA3A007830EB /* Sources */ = {
			isa = PBXSourcesBuildPhase;
			buildActionMask = 2147483647;
			files = (
				5272461B2578DA58007830EB /* InputManager.swift in Sources */,
				527246132578DA3A007830EB /* main.swift in Sources */,
			);
			runOnlyForDeploymentPostprocessing = 0;
		};
		5276ADCC257A31A600177755 /* Sources */ = {
			isa = PBXSourcesBuildPhase;
			buildActionMask = 2147483647;
			files = (
				5276ADDC257A31BA00177755 /* InputManager.swift in Sources */,
				5276ADD3257A31A600177755 /* main.swift in Sources */,
			);
			runOnlyForDeploymentPostprocessing = 0;
		};
		5281993B257F6E5D00CA8F1F /* Sources */ = {
			isa = PBXSourcesBuildPhase;
			buildActionMask = 2147483647;
			files = (
				5281994F257F6E7500CA8F1F /* InputManager.swift in Sources */,
				52819942257F6E5D00CA8F1F /* main.swift in Sources */,
			);
			runOnlyForDeploymentPostprocessing = 0;
		};
		52E6C97F257D09BF005167CA /* Sources */ = {
			isa = PBXSourcesBuildPhase;
			buildActionMask = 2147483647;
			files = (
				52E6C99D257D0A06005167CA /* InputManager.swift in Sources */,
				52E6C986257D09BF005167CA /* main.swift in Sources */,
			);
			runOnlyForDeploymentPostprocessing = 0;
		};
		52EEBA5D257BC02000BD4536 /* Sources */ = {
			isa = PBXSourcesBuildPhase;
			buildActionMask = 2147483647;
			files = (
				52EEBA6E257BCFE900BD4536 /* InputManager.swift in Sources */,
				52EEBA64257BC02100BD4536 /* main.swift in Sources */,
			);
			runOnlyForDeploymentPostprocessing = 0;
		};
		52F32757257E637500CA5DD7 /* Sources */ = {
			isa = PBXSourcesBuildPhase;
			buildActionMask = 2147483647;
			files = (
				52F32771257E64A300CA5DD7 /* InputManager.swift in Sources */,
				52F3275E257E637500CA5DD7 /* main.swift in Sources */,
			);
			runOnlyForDeploymentPostprocessing = 0;
		};
/* End PBXSourcesBuildPhase section */

/* Begin XCBuildConfiguration section */
		524040BC2577FB4C00511C90 /* Debug */ = {
			isa = XCBuildConfiguration;
			buildSettings = {
				CODE_SIGN_STYLE = Automatic;
				DEVELOPMENT_TEAM = "";
				ENABLE_HARDENED_RUNTIME = YES;
				PRODUCT_NAME = "$(TARGET_NAME)";
				SWIFT_VERSION = 5.0;
			};
			name = Debug;
		};
		524040BD2577FB4C00511C90 /* Release */ = {
			isa = XCBuildConfiguration;
			buildSettings = {
				CODE_SIGN_STYLE = Automatic;
				DEVELOPMENT_TEAM = "";
				ENABLE_HARDENED_RUNTIME = YES;
				PRODUCT_NAME = "$(TARGET_NAME)";
				SWIFT_VERSION = 5.0;
			};
			name = Release;
		};
		5253FC822577EEBC0019CE5F /* Debug */ = {
			isa = XCBuildConfiguration;
			buildSettings = {
				ALWAYS_SEARCH_USER_PATHS = NO;
				CLANG_ANALYZER_NONNULL = YES;
				CLANG_ANALYZER_NUMBER_OBJECT_CONVERSION = YES_AGGRESSIVE;
				CLANG_CXX_LANGUAGE_STANDARD = "gnu++14";
				CLANG_CXX_LIBRARY = "libc++";
				CLANG_ENABLE_MODULES = YES;
				CLANG_ENABLE_OBJC_ARC = YES;
				CLANG_ENABLE_OBJC_WEAK = YES;
				CLANG_WARN_BLOCK_CAPTURE_AUTORELEASING = YES;
				CLANG_WARN_BOOL_CONVERSION = YES;
				CLANG_WARN_COMMA = YES;
				CLANG_WARN_CONSTANT_CONVERSION = YES;
				CLANG_WARN_DEPRECATED_OBJC_IMPLEMENTATIONS = YES;
				CLANG_WARN_DIRECT_OBJC_ISA_USAGE = YES_ERROR;
				CLANG_WARN_DOCUMENTATION_COMMENTS = YES;
				CLANG_WARN_EMPTY_BODY = YES;
				CLANG_WARN_ENUM_CONVERSION = YES;
				CLANG_WARN_INFINITE_RECURSION = YES;
				CLANG_WARN_INT_CONVERSION = YES;
				CLANG_WARN_NON_LITERAL_NULL_CONVERSION = YES;
				CLANG_WARN_OBJC_IMPLICIT_RETAIN_SELF = YES;
				CLANG_WARN_OBJC_LITERAL_CONVERSION = YES;
				CLANG_WARN_OBJC_ROOT_CLASS = YES_ERROR;
				CLANG_WARN_QUOTED_INCLUDE_IN_FRAMEWORK_HEADER = YES;
				CLANG_WARN_RANGE_LOOP_ANALYSIS = YES;
				CLANG_WARN_STRICT_PROTOTYPES = YES;
				CLANG_WARN_SUSPICIOUS_MOVE = YES;
				CLANG_WARN_UNGUARDED_AVAILABILITY = YES_AGGRESSIVE;
				CLANG_WARN_UNREACHABLE_CODE = YES;
				CLANG_WARN__DUPLICATE_METHOD_MATCH = YES;
				COPY_PHASE_STRIP = NO;
				DEBUG_INFORMATION_FORMAT = dwarf;
				ENABLE_STRICT_OBJC_MSGSEND = YES;
				ENABLE_TESTABILITY = YES;
				GCC_C_LANGUAGE_STANDARD = gnu11;
				GCC_DYNAMIC_NO_PIC = NO;
				GCC_NO_COMMON_BLOCKS = YES;
				GCC_OPTIMIZATION_LEVEL = 0;
				GCC_PREPROCESSOR_DEFINITIONS = (
					"DEBUG=1",
					"$(inherited)",
				);
				GCC_WARN_64_TO_32_BIT_CONVERSION = YES;
				GCC_WARN_ABOUT_RETURN_TYPE = YES_ERROR;
				GCC_WARN_UNDECLARED_SELECTOR = YES;
				GCC_WARN_UNINITIALIZED_AUTOS = YES_AGGRESSIVE;
				GCC_WARN_UNUSED_FUNCTION = YES;
				GCC_WARN_UNUSED_VARIABLE = YES;
				MACOSX_DEPLOYMENT_TARGET = 11.0;
				MTL_ENABLE_DEBUG_INFO = INCLUDE_SOURCE;
				MTL_FAST_MATH = YES;
				ONLY_ACTIVE_ARCH = YES;
				SDKROOT = macosx;
				SWIFT_ACTIVE_COMPILATION_CONDITIONS = DEBUG;
				SWIFT_OPTIMIZATION_LEVEL = "-Onone";
			};
			name = Debug;
		};
		5253FC832577EEBC0019CE5F /* Release */ = {
			isa = XCBuildConfiguration;
			buildSettings = {
				ALWAYS_SEARCH_USER_PATHS = NO;
				CLANG_ANALYZER_NONNULL = YES;
				CLANG_ANALYZER_NUMBER_OBJECT_CONVERSION = YES_AGGRESSIVE;
				CLANG_CXX_LANGUAGE_STANDARD = "gnu++14";
				CLANG_CXX_LIBRARY = "libc++";
				CLANG_ENABLE_MODULES = YES;
				CLANG_ENABLE_OBJC_ARC = YES;
				CLANG_ENABLE_OBJC_WEAK = YES;
				CLANG_WARN_BLOCK_CAPTURE_AUTORELEASING = YES;
				CLANG_WARN_BOOL_CONVERSION = YES;
				CLANG_WARN_COMMA = YES;
				CLANG_WARN_CONSTANT_CONVERSION = YES;
				CLANG_WARN_DEPRECATED_OBJC_IMPLEMENTATIONS = YES;
				CLANG_WARN_DIRECT_OBJC_ISA_USAGE = YES_ERROR;
				CLANG_WARN_DOCUMENTATION_COMMENTS = YES;
				CLANG_WARN_EMPTY_BODY = YES;
				CLANG_WARN_ENUM_CONVERSION = YES;
				CLANG_WARN_INFINITE_RECURSION = YES;
				CLANG_WARN_INT_CONVERSION = YES;
				CLANG_WARN_NON_LITERAL_NULL_CONVERSION = YES;
				CLANG_WARN_OBJC_IMPLICIT_RETAIN_SELF = YES;
				CLANG_WARN_OBJC_LITERAL_CONVERSION = YES;
				CLANG_WARN_OBJC_ROOT_CLASS = YES_ERROR;
				CLANG_WARN_QUOTED_INCLUDE_IN_FRAMEWORK_HEADER = YES;
				CLANG_WARN_RANGE_LOOP_ANALYSIS = YES;
				CLANG_WARN_STRICT_PROTOTYPES = YES;
				CLANG_WARN_SUSPICIOUS_MOVE = YES;
				CLANG_WARN_UNGUARDED_AVAILABILITY = YES_AGGRESSIVE;
				CLANG_WARN_UNREACHABLE_CODE = YES;
				CLANG_WARN__DUPLICATE_METHOD_MATCH = YES;
				COPY_PHASE_STRIP = NO;
				DEBUG_INFORMATION_FORMAT = "dwarf-with-dsym";
				ENABLE_NS_ASSERTIONS = NO;
				ENABLE_STRICT_OBJC_MSGSEND = YES;
				GCC_C_LANGUAGE_STANDARD = gnu11;
				GCC_NO_COMMON_BLOCKS = YES;
				GCC_WARN_64_TO_32_BIT_CONVERSION = YES;
				GCC_WARN_ABOUT_RETURN_TYPE = YES_ERROR;
				GCC_WARN_UNDECLARED_SELECTOR = YES;
				GCC_WARN_UNINITIALIZED_AUTOS = YES_AGGRESSIVE;
				GCC_WARN_UNUSED_FUNCTION = YES;
				GCC_WARN_UNUSED_VARIABLE = YES;
				MACOSX_DEPLOYMENT_TARGET = 11.0;
				MTL_ENABLE_DEBUG_INFO = NO;
				MTL_FAST_MATH = YES;
				SDKROOT = macosx;
				SWIFT_COMPILATION_MODE = wholemodule;
				SWIFT_OPTIMIZATION_LEVEL = "-O";
			};
			name = Release;
		};
		5253FC852577EEBC0019CE5F /* Debug */ = {
			isa = XCBuildConfiguration;
			buildSettings = {
				CODE_SIGN_IDENTITY = "-";
				CODE_SIGN_STYLE = Automatic;
				DEVELOPMENT_TEAM = "";
				ENABLE_HARDENED_RUNTIME = YES;
				PRODUCT_NAME = "$(TARGET_NAME)";
				SWIFT_VERSION = 5.0;
			};
			name = Debug;
		};
		5253FC862577EEBC0019CE5F /* Release */ = {
			isa = XCBuildConfiguration;
			buildSettings = {
				CODE_SIGN_IDENTITY = "-";
				CODE_SIGN_STYLE = Automatic;
				DEVELOPMENT_TEAM = "";
				ENABLE_HARDENED_RUNTIME = YES;
				PRODUCT_NAME = "$(TARGET_NAME)";
				SWIFT_VERSION = 5.0;
			};
			name = Release;
		};
		5259F454258171F300427FAA /* Debug */ = {
			isa = XCBuildConfiguration;
			buildSettings = {
				CODE_SIGN_STYLE = Automatic;
				DEVELOPMENT_TEAM = "";
				ENABLE_HARDENED_RUNTIME = YES;
				PRODUCT_NAME = "$(TARGET_NAME)";
				SWIFT_VERSION = 5.0;
			};
			name = Debug;
		};
		5259F455258171F300427FAA /* Release */ = {
			isa = XCBuildConfiguration;
			buildSettings = {
				CODE_SIGN_STYLE = Automatic;
				DEVELOPMENT_TEAM = "";
				ENABLE_HARDENED_RUNTIME = YES;
				PRODUCT_NAME = "$(TARGET_NAME)";
				SWIFT_VERSION = 5.0;
			};
			name = Release;
		};
		527246142578DA3A007830EB /* Debug */ = {
			isa = XCBuildConfiguration;
			buildSettings = {
				CODE_SIGN_STYLE = Automatic;
				DEVELOPMENT_TEAM = "";
				ENABLE_HARDENED_RUNTIME = YES;
				PRODUCT_NAME = "$(TARGET_NAME)";
				SWIFT_VERSION = 5.0;
			};
			name = Debug;
		};
		527246152578DA3A007830EB /* Release */ = {
			isa = XCBuildConfiguration;
			buildSettings = {
				CODE_SIGN_STYLE = Automatic;
				DEVELOPMENT_TEAM = "";
				ENABLE_HARDENED_RUNTIME = YES;
				PRODUCT_NAME = "$(TARGET_NAME)";
				SWIFT_VERSION = 5.0;
			};
			name = Release;
		};
		5276ADD4257A31A600177755 /* Debug */ = {
			isa = XCBuildConfiguration;
			buildSettings = {
				CODE_SIGN_STYLE = Automatic;
				DEVELOPMENT_TEAM = "";
				ENABLE_HARDENED_RUNTIME = YES;
				PRODUCT_NAME = "$(TARGET_NAME)";
				SWIFT_VERSION = 5.0;
			};
			name = Debug;
		};
		5276ADD5257A31A600177755 /* Release */ = {
			isa = XCBuildConfiguration;
			buildSettings = {
				CODE_SIGN_STYLE = Automatic;
				DEVELOPMENT_TEAM = "";
				ENABLE_HARDENED_RUNTIME = YES;
				PRODUCT_NAME = "$(TARGET_NAME)";
				SWIFT_VERSION = 5.0;
			};
			name = Release;
		};
		52819943257F6E5D00CA8F1F /* Debug */ = {
			isa = XCBuildConfiguration;
			buildSettings = {
				CODE_SIGN_STYLE = Automatic;
				DEVELOPMENT_TEAM = "";
				ENABLE_HARDENED_RUNTIME = YES;
				PRODUCT_NAME = "$(TARGET_NAME)";
				SWIFT_VERSION = 5.0;
			};
			name = Debug;
		};
		52819944257F6E5D00CA8F1F /* Release */ = {
			isa = XCBuildConfiguration;
			buildSettings = {
				CODE_SIGN_STYLE = Automatic;
				DEVELOPMENT_TEAM = "";
				ENABLE_HARDENED_RUNTIME = YES;
				PRODUCT_NAME = "$(TARGET_NAME)";
				SWIFT_VERSION = 5.0;
			};
			name = Release;
		};
		52E6C987257D09BF005167CA /* Debug */ = {
			isa = XCBuildConfiguration;
			buildSettings = {
				CODE_SIGN_STYLE = Automatic;
				DEVELOPMENT_TEAM = "";
				ENABLE_HARDENED_RUNTIME = YES;
				PRODUCT_NAME = "$(TARGET_NAME)";
				SWIFT_VERSION = 5.0;
			};
			name = Debug;
		};
		52E6C988257D09BF005167CA /* Release */ = {
			isa = XCBuildConfiguration;
			buildSettings = {
				CODE_SIGN_STYLE = Automatic;
				DEVELOPMENT_TEAM = "";
				ENABLE_HARDENED_RUNTIME = YES;
				PRODUCT_NAME = "$(TARGET_NAME)";
				SWIFT_VERSION = 5.0;
			};
			name = Release;
		};
		52EEBA65257BC02100BD4536 /* Debug */ = {
			isa = XCBuildConfiguration;
			buildSettings = {
				CODE_SIGN_STYLE = Automatic;
				DEVELOPMENT_TEAM = "";
				ENABLE_HARDENED_RUNTIME = YES;
				PRODUCT_NAME = "$(TARGET_NAME)";
				SWIFT_VERSION = 5.0;
			};
			name = Debug;
		};
		52EEBA66257BC02100BD4536 /* Release */ = {
			isa = XCBuildConfiguration;
			buildSettings = {
				CODE_SIGN_STYLE = Automatic;
				DEVELOPMENT_TEAM = "";
				ENABLE_HARDENED_RUNTIME = YES;
				PRODUCT_NAME = "$(TARGET_NAME)";
				SWIFT_VERSION = 5.0;
			};
			name = Release;
		};
		52F3275F257E637500CA5DD7 /* Debug */ = {
			isa = XCBuildConfiguration;
			buildSettings = {
				CODE_SIGN_STYLE = Automatic;
				DEVELOPMENT_TEAM = "";
				ENABLE_HARDENED_RUNTIME = YES;
				PRODUCT_NAME = "$(TARGET_NAME)";
				SWIFT_VERSION = 5.0;
			};
			name = Debug;
		};
		52F32760257E637500CA5DD7 /* Release */ = {
			isa = XCBuildConfiguration;
			buildSettings = {
				CODE_SIGN_STYLE = Automatic;
				DEVELOPMENT_TEAM = "";
				ENABLE_HARDENED_RUNTIME = YES;
				PRODUCT_NAME = "$(TARGET_NAME)";
				SWIFT_VERSION = 5.0;
			};
			name = Release;
		};
/* End XCBuildConfiguration section */

/* Begin XCConfigurationList section */
		524040BB2577FB4C00511C90 /* Build configuration list for PBXNativeTarget "Day 2" */ = {
			isa = XCConfigurationList;
			buildConfigurations = (
				524040BC2577FB4C00511C90 /* Debug */,
				524040BD2577FB4C00511C90 /* Release */,
			);
			defaultConfigurationIsVisible = 0;
			defaultConfigurationName = Release;
		};
		5253FC782577EEBC0019CE5F /* Build configuration list for PBXProject "Advent of Code" */ = {
			isa = XCConfigurationList;
			buildConfigurations = (
				5253FC822577EEBC0019CE5F /* Debug */,
				5253FC832577EEBC0019CE5F /* Release */,
			);
			defaultConfigurationIsVisible = 0;
			defaultConfigurationName = Release;
		};
		5253FC842577EEBC0019CE5F /* Build configuration list for PBXNativeTarget "Day 1" */ = {
			isa = XCConfigurationList;
			buildConfigurations = (
				5253FC852577EEBC0019CE5F /* Debug */,
				5253FC862577EEBC0019CE5F /* Release */,
			);
			defaultConfigurationIsVisible = 0;
			defaultConfigurationName = Release;
		};
		5259F456258171F300427FAA /* Build configuration list for PBXNativeTarget "Day 9" */ = {
			isa = XCConfigurationList;
			buildConfigurations = (
				5259F454258171F300427FAA /* Debug */,
				5259F455258171F300427FAA /* Release */,
			);
			defaultConfigurationIsVisible = 0;
			defaultConfigurationName = Release;
		};
		527246162578DA3A007830EB /* Build configuration list for PBXNativeTarget "Day 3" */ = {
			isa = XCConfigurationList;
			buildConfigurations = (
				527246142578DA3A007830EB /* Debug */,
				527246152578DA3A007830EB /* Release */,
			);
			defaultConfigurationIsVisible = 0;
			defaultConfigurationName = Release;
		};
		5276ADD6257A31A600177755 /* Build configuration list for PBXNativeTarget "Day 4" */ = {
			isa = XCConfigurationList;
			buildConfigurations = (
				5276ADD4257A31A600177755 /* Debug */,
				5276ADD5257A31A600177755 /* Release */,
			);
			defaultConfigurationIsVisible = 0;
			defaultConfigurationName = Release;
		};
		52819945257F6E5D00CA8F1F /* Build configuration list for PBXNativeTarget "Day 8" */ = {
			isa = XCConfigurationList;
			buildConfigurations = (
				52819943257F6E5D00CA8F1F /* Debug */,
				52819944257F6E5D00CA8F1F /* Release */,
			);
			defaultConfigurationIsVisible = 0;
			defaultConfigurationName = Release;
		};
		52E6C989257D09BF005167CA /* Build configuration list for PBXNativeTarget "Day 6" */ = {
			isa = XCConfigurationList;
			buildConfigurations = (
				52E6C987257D09BF005167CA /* Debug */,
				52E6C988257D09BF005167CA /* Release */,
			);
			defaultConfigurationIsVisible = 0;
			defaultConfigurationName = Release;
		};
		52EEBA67257BC02100BD4536 /* Build configuration list for PBXNativeTarget "Day 5" */ = {
			isa = XCConfigurationList;
			buildConfigurations = (
				52EEBA65257BC02100BD4536 /* Debug */,
				52EEBA66257BC02100BD4536 /* Release */,
			);
			defaultConfigurationIsVisible = 0;
			defaultConfigurationName = Release;
		};
		52F32761257E637500CA5DD7 /* Build configuration list for PBXNativeTarget "Day 7" */ = {
			isa = XCConfigurationList;
			buildConfigurations = (
				52F3275F257E637500CA5DD7 /* Debug */,
				52F32760257E637500CA5DD7 /* Release */,
			);
			defaultConfigurationIsVisible = 0;
			defaultConfigurationName = Release;
		};
/* End XCConfigurationList section */
	};
	rootObject = 5253FC752577EEBC0019CE5F /* Project object */;
}
